
Microsoft Visual Studio Solution File, Format Version 12.00
# Visual Studio Version 16
VisualStudioVersion = 16.0.30503.244
MinimumVisualStudioVersion = 10.0.40219.1
Project("{FAE04EC0-301F-11D3-BF4B-00C04F79EFBC}") = "CovidBlazorApp", "CovidBlazorApp\CovidBlazorApp.csproj", "{256D116C-013E-4DEC-964F-E9A928F77CBC}"
EndProject
Global
	GlobalSection(SolutionConfigurationPlatforms) = preSolution
		Debug|Any CPU = Debug|Any CPU
		Release|Any CPU = Release|Any CPU
	EndGlobalSection
	GlobalSection(ProjectConfigurationPlatforms) = postSolution
		{256D116C-013E-4DEC-964F-E9A928F77CBC}.Debug|Any CPU.ActiveCfg = Debug|Any CPU
		{256D116C-013E-4DEC-964F-E9A928F77CBC}.Debug|Any CPU.Build.0 = Debug|Any CPU
		{256D116C-013E-4DEC-964F-E9A928F77CBC}.Release|Any CPU.ActiveCfg = Release|Any CPU
		{256D116C-013E-4DEC-964F-E9A928F77CBC}.Release|Any CPU.Build.0 = Release|Any CPU
	EndGlobalSection
	GlobalSection(SolutionProperties) = preSolution
		HideSolutionNode = FALSE
	EndGlobalSection
	GlobalSection(ExtensibilityGlobals) = postSolution
		SolutionGuid = {1B4F4F21-4509-481D-AE5C-47364F301605}
	EndGlobalSection
EndGlobal
